
Microsoft Visual Studio Solution File, Format Version 12.00
# Visual Studio Version 16
VisualStudioVersion = 16.0.30907.101
MinimumVisualStudioVersion = 10.0.40219.1
Project("{9A19103F-16F7-4668-BE54-9A1E7A4F7556}") = "Flamer.Portal.Web", "Flamer.Portal.Web\Flamer.Portal.Web.csproj", "{68F02C5C-D565-4C2D-BD73-C91038FC35E9}"
EndProject
Project("{9A19103F-16F7-4668-BE54-9A1E7A4F7556}") = "Flamer.Data", "Flamer.Data\Flamer.Data.csproj", "{43EB8D39-6CD8-405B-9789-C7969E4E9F16}"
EndProject
Project("{9A19103F-16F7-4668-BE54-9A1E7A4F7556}") = "Flamer.Service.Domain", "Flamer.Service.Domain\Flamer.Service.Domain.csproj", "{916B34BE-DACD-4E26-98D7-3703924EF20D}"
EndProject
Project("{9A19103F-16F7-4668-BE54-9A1E7A4F7556}") = "Flamer.Utility", "Flamer.Utility\Flamer.Utility.csproj", "{A9EC65F1-6AED-4891-AF0B-0C4BE2CD54AB}"
EndProject
Project("{2150E333-8FDC-42A3-9474-1A3956D46DE8}") = "0 - Infra", "0 - Infra", "{86D22E00-0ED6-4DA8-85BD-CE42B781851E}"
EndProject
Project("{2150E333-8FDC-42A3-9474-1A3956D46DE8}") = "2 - Data", "2 - Data", "{37C84CBC-76CD-46C2-A07B-402D32196CAA}"
EndProject
Project("{2150E333-8FDC-42A3-9474-1A3956D46DE8}") = "3 - Service", "3 - Service", "{A8246C2A-F5EB-452D-AEA2-C3932EFFC531}"
EndProject
Project("{2150E333-8FDC-42A3-9474-1A3956D46DE8}") = "4 - Presentation", "4 - Presentation", "{CD7F9017-F08F-4CBD-99B1-7787D7BBD3A9}"
EndProject
Project("{9A19103F-16F7-4668-BE54-9A1E7A4F7556}") = "Flamer.Service.Email", "Flamer.Service.Email\Flamer.Service.Email.csproj", "{3A49D815-59C1-46C6-9058-7ECDB8E432C5}"
EndProject
Project("{9A19103F-16F7-4668-BE54-9A1E7A4F7556}") = "Flamer.Service.Common", "Flamer.Service.Common\Flamer.Service.Common.csproj", "{AF6CAFD9-57B4-4E7B-88FF-0AAC8D9B55FC}"
EndProject
Project("{9A19103F-16F7-4668-BE54-9A1E7A4F7556}") = "Flamer.Service.OSS", "Flamer.Service.OSS\Flamer.Service.OSS.csproj", "{F051D93B-EC63-43E0-AD9C-2561C76AFFAA}"
EndProject
Project("{9A19103F-16F7-4668-BE54-9A1E7A4F7556}") = "Flamer.Service.ImageProxy", "Flamer.Service.ImageProxy\Flamer.Service.ImageProxy.csproj", "{5331646B-2D4D-4348-9AA2-6EE04EB0551B}"
EndProject
Project("{9A19103F-16F7-4668-BE54-9A1E7A4F7556}") = "Flamer.Portal.LocalWeb", "Flamer.Portal.LocalWeb\Flamer.Portal.LocalWeb.csproj", "{4953B453-6C1E-4021-830D-DB88BF59B8A5}"
EndProject
Project("{9A19103F-16F7-4668-BE54-9A1E7A4F7556}") = "Flamer.Portal.LocaCola", "Flamer.Portal.Locacola\Flamer.Portal.LocaCola.csproj", "{69346AF6-5E3A-4A9E-99B3-4A934C3A94EE}"
EndProject
Project("{9A19103F-16F7-4668-BE54-9A1E7A4F7556}") = "Flamer.Portal.WebShared", "Flamer.Portal.WebShared\Flamer.Portal.WebShared.csproj", "{1994F919-A545-4E73-9BEB-DADF490CA44C}"
EndProject
Project("{2150E333-8FDC-42A3-9474-1A3956D46DE8}") = "1 - Models", "1 - Models", "{6A681028-91C3-4D2B-A00A-AC35EFBFB0C8}"
EndProject
Project("{9A19103F-16F7-4668-BE54-9A1E7A4F7556}") = "Flamer.Model.Backend", "Flamer.Model.Backend\Flamer.Model.Backend.csproj", "{10A1EE24-0457-425A-BAB9-AA6B048E8061}"
EndProject
Project("{9A19103F-16F7-4668-BE54-9A1E7A4F7556}") = "Flamer.Model.Pagination", "Flamer.Model.Pagination\Flamer.Model.Pagination.csproj", "{B0742254-027A-4D0A-BC8D-29D02A796F7D}"
EndProject
Project("{FAE04EC0-301F-11D3-BF4B-00C04F79EFBC}") = "Flamer.Model.Result", "Flamer.Model.Result\Flamer.Model.Result.csproj", "{9E50CD86-18E7-4DA9-967F-3FDB2105BD9D}"
EndProject
Global
	GlobalSection(SolutionConfigurationPlatforms) = preSolution
		Debug|Any CPU = Debug|Any CPU
		Release|Any CPU = Release|Any CPU
	EndGlobalSection
	GlobalSection(ProjectConfigurationPlatforms) = postSolution
		{68F02C5C-D565-4C2D-BD73-C91038FC35E9}.Debug|Any CPU.ActiveCfg = Debug|Any CPU
		{68F02C5C-D565-4C2D-BD73-C91038FC35E9}.Debug|Any CPU.Build.0 = Debug|Any CPU
		{68F02C5C-D565-4C2D-BD73-C91038FC35E9}.Release|Any CPU.ActiveCfg = Release|Any CPU
		{68F02C5C-D565-4C2D-BD73-C91038FC35E9}.Release|Any CPU.Build.0 = Release|Any CPU
		{43EB8D39-6CD8-405B-9789-C7969E4E9F16}.Debug|Any CPU.ActiveCfg = Debug|Any CPU
		{43EB8D39-6CD8-405B-9789-C7969E4E9F16}.Debug|Any CPU.Build.0 = Debug|Any CPU
		{43EB8D39-6CD8-405B-9789-C7969E4E9F16}.Release|Any CPU.ActiveCfg = Release|Any CPU
		{43EB8D39-6CD8-405B-9789-C7969E4E9F16}.Release|Any CPU.Build.0 = Release|Any CPU
		{916B34BE-DACD-4E26-98D7-3703924EF20D}.Debug|Any CPU.ActiveCfg = Debug|Any CPU
		{916B34BE-DACD-4E26-98D7-3703924EF20D}.Debug|Any CPU.Build.0 = Debug|Any CPU
		{916B34BE-DACD-4E26-98D7-3703924EF20D}.Release|Any CPU.ActiveCfg = Release|Any CPU
		{916B34BE-DACD-4E26-98D7-3703924EF20D}.Release|Any CPU.Build.0 = Release|Any CPU
		{A9EC65F1-6AED-4891-AF0B-0C4BE2CD54AB}.Debug|Any CPU.ActiveCfg = Debug|Any CPU
		{A9EC65F1-6AED-4891-AF0B-0C4BE2CD54AB}.Debug|Any CPU.Build.0 = Debug|Any CPU
		{A9EC65F1-6AED-4891-AF0B-0C4BE2CD54AB}.Release|Any CPU.ActiveCfg = Release|Any CPU
		{A9EC65F1-6AED-4891-AF0B-0C4BE2CD54AB}.Release|Any CPU.Build.0 = Release|Any CPU
		{3A49D815-59C1-46C6-9058-7ECDB8E432C5}.Debug|Any CPU.ActiveCfg = Debug|Any CPU
		{3A49D815-59C1-46C6-9058-7ECDB8E432C5}.Debug|Any CPU.Build.0 = Debug|Any CPU
		{3A49D815-59C1-46C6-9058-7ECDB8E432C5}.Release|Any CPU.ActiveCfg = Release|Any CPU
		{3A49D815-59C1-46C6-9058-7ECDB8E432C5}.Release|Any CPU.Build.0 = Release|Any CPU
		{AF6CAFD9-57B4-4E7B-88FF-0AAC8D9B55FC}.Debug|Any CPU.ActiveCfg = Debug|Any CPU
		{AF6CAFD9-57B4-4E7B-88FF-0AAC8D9B55FC}.Debug|Any CPU.Build.0 = Debug|Any CPU
		{AF6CAFD9-57B4-4E7B-88FF-0AAC8D9B55FC}.Release|Any CPU.ActiveCfg = Release|Any CPU
		{AF6CAFD9-57B4-4E7B-88FF-0AAC8D9B55FC}.Release|Any CPU.Build.0 = Release|Any CPU
		{F051D93B-EC63-43E0-AD9C-2561C76AFFAA}.Debug|Any CPU.ActiveCfg = Debug|Any CPU
		{F051D93B-EC63-43E0-AD9C-2561C76AFFAA}.Debug|Any CPU.Build.0 = Debug|Any CPU
		{F051D93B-EC63-43E0-AD9C-2561C76AFFAA}.Release|Any CPU.ActiveCfg = Release|Any CPU
		{F051D93B-EC63-43E0-AD9C-2561C76AFFAA}.Release|Any CPU.Build.0 = Release|Any CPU
		{5331646B-2D4D-4348-9AA2-6EE04EB0551B}.Debug|Any CPU.ActiveCfg = Debug|Any CPU
		{5331646B-2D4D-4348-9AA2-6EE04EB0551B}.Debug|Any CPU.Build.0 = Debug|Any CPU
		{5331646B-2D4D-4348-9AA2-6EE04EB0551B}.Release|Any CPU.ActiveCfg = Release|Any CPU
		{5331646B-2D4D-4348-9AA2-6EE04EB0551B}.Release|Any CPU.Build.0 = Release|Any CPU
		{4953B453-6C1E-4021-830D-DB88BF59B8A5}.Debug|Any CPU.ActiveCfg = Debug|Any CPU
		{4953B453-6C1E-4021-830D-DB88BF59B8A5}.Debug|Any CPU.Build.0 = Debug|Any CPU
		{4953B453-6C1E-4021-830D-DB88BF59B8A5}.Release|Any CPU.ActiveCfg = Release|Any CPU
		{4953B453-6C1E-4021-830D-DB88BF59B8A5}.Release|Any CPU.Build.0 = Release|Any CPU
		{69346AF6-5E3A-4A9E-99B3-4A934C3A94EE}.Debug|Any CPU.ActiveCfg = Debug|Any CPU
		{69346AF6-5E3A-4A9E-99B3-4A934C3A94EE}.Debug|Any CPU.Build.0 = Debug|Any CPU
		{69346AF6-5E3A-4A9E-99B3-4A934C3A94EE}.Release|Any CPU.ActiveCfg = Release|Any CPU
		{69346AF6-5E3A-4A9E-99B3-4A934C3A94EE}.Release|Any CPU.Build.0 = Release|Any CPU
		{1994F919-A545-4E73-9BEB-DADF490CA44C}.Debug|Any CPU.ActiveCfg = Debug|Any CPU
		{1994F919-A545-4E73-9BEB-DADF490CA44C}.Debug|Any CPU.Build.0 = Debug|Any CPU
		{1994F919-A545-4E73-9BEB-DADF490CA44C}.Release|Any CPU.ActiveCfg = Release|Any CPU
		{1994F919-A545-4E73-9BEB-DADF490CA44C}.Release|Any CPU.Build.0 = Release|Any CPU
		{10A1EE24-0457-425A-BAB9-AA6B048E8061}.Debug|Any CPU.ActiveCfg = Debug|Any CPU
		{10A1EE24-0457-425A-BAB9-AA6B048E8061}.Debug|Any CPU.Build.0 = Debug|Any CPU
		{10A1EE24-0457-425A-BAB9-AA6B048E8061}.Release|Any CPU.ActiveCfg = Release|Any CPU
		{10A1EE24-0457-425A-BAB9-AA6B048E8061}.Release|Any CPU.Build.0 = Release|Any CPU
		{B0742254-027A-4D0A-BC8D-29D02A796F7D}.Debug|Any CPU.ActiveCfg = Debug|Any CPU
		{B0742254-027A-4D0A-BC8D-29D02A796F7D}.Debug|Any CPU.Build.0 = Debug|Any CPU
		{B0742254-027A-4D0A-BC8D-29D02A796F7D}.Release|Any CPU.ActiveCfg = Release|Any CPU
		{B0742254-027A-4D0A-BC8D-29D02A796F7D}.Release|Any CPU.Build.0 = Release|Any CPU
		{9E50CD86-18E7-4DA9-967F-3FDB2105BD9D}.Debug|Any CPU.ActiveCfg = Debug|Any CPU
		{9E50CD86-18E7-4DA9-967F-3FDB2105BD9D}.Debug|Any CPU.Build.0 = Debug|Any CPU
		{9E50CD86-18E7-4DA9-967F-3FDB2105BD9D}.Release|Any CPU.ActiveCfg = Release|Any CPU
		{9E50CD86-18E7-4DA9-967F-3FDB2105BD9D}.Release|Any CPU.Build.0 = Release|Any CPU
	EndGlobalSection
	GlobalSection(SolutionProperties) = preSolution
		HideSolutionNode = FALSE
	EndGlobalSection
	GlobalSection(NestedProjects) = preSolution
		{68F02C5C-D565-4C2D-BD73-C91038FC35E9} = {CD7F9017-F08F-4CBD-99B1-7787D7BBD3A9}
		{43EB8D39-6CD8-405B-9789-C7969E4E9F16} = {37C84CBC-76CD-46C2-A07B-402D32196CAA}
		{916B34BE-DACD-4E26-98D7-3703924EF20D} = {A8246C2A-F5EB-452D-AEA2-C3932EFFC531}
		{A9EC65F1-6AED-4891-AF0B-0C4BE2CD54AB} = {86D22E00-0ED6-4DA8-85BD-CE42B781851E}
		{3A49D815-59C1-46C6-9058-7ECDB8E432C5} = {A8246C2A-F5EB-452D-AEA2-C3932EFFC531}
		{AF6CAFD9-57B4-4E7B-88FF-0AAC8D9B55FC} = {A8246C2A-F5EB-452D-AEA2-C3932EFFC531}
		{F051D93B-EC63-43E0-AD9C-2561C76AFFAA} = {A8246C2A-F5EB-452D-AEA2-C3932EFFC531}
		{5331646B-2D4D-4348-9AA2-6EE04EB0551B} = {A8246C2A-F5EB-452D-AEA2-C3932EFFC531}
		{4953B453-6C1E-4021-830D-DB88BF59B8A5} = {CD7F9017-F08F-4CBD-99B1-7787D7BBD3A9}
		{69346AF6-5E3A-4A9E-99B3-4A934C3A94EE} = {CD7F9017-F08F-4CBD-99B1-7787D7BBD3A9}
		{1994F919-A545-4E73-9BEB-DADF490CA44C} = {CD7F9017-F08F-4CBD-99B1-7787D7BBD3A9}
		{10A1EE24-0457-425A-BAB9-AA6B048E8061} = {6A681028-91C3-4D2B-A00A-AC35EFBFB0C8}
		{B0742254-027A-4D0A-BC8D-29D02A796F7D} = {6A681028-91C3-4D2B-A00A-AC35EFBFB0C8}
		{9E50CD86-18E7-4DA9-967F-3FDB2105BD9D} = {6A681028-91C3-4D2B-A00A-AC35EFBFB0C8}
	EndGlobalSection
	GlobalSection(ExtensibilityGlobals) = postSolution
		SolutionGuid = {C27A6647-CD01-4F1E-A425-758567A9EA07}
	EndGlobalSection
EndGlobal
