
Microsoft Visual Studio Solution File, Format Version 12.00
# Visual Studio Version 16
VisualStudioVersion = 16.0.30907.101
MinimumVisualStudioVersion = 10.0.40219.1
Project("{FAE04EC0-301F-11D3-BF4B-00C04F79EFBC}") = "Flamer.Presentation.Web.Tests", "Flamer.Presentation.Web.Tests\Flamer.Presentation.Web.Tests.csproj", "{8594328A-44F1-4AF1-823F-0CCF2FCE1B4B}"
EndProject
Project("{9A19103F-16F7-4668-BE54-9A1E7A4F7556}") = "Flamer.Data", "..\Flamer.Data\Flamer.Data.csproj", "{A196A537-FF65-4764-80EB-CF156FEC1140}"
EndProject
Global
	GlobalSection(SolutionConfigurationPlatforms) = preSolution
		Debug|Any CPU = Debug|Any CPU
		Release|Any CPU = Release|Any CPU
	EndGlobalSection
	GlobalSection(ProjectConfigurationPlatforms) = postSolution
		{8594328A-44F1-4AF1-823F-0CCF2FCE1B4B}.Debug|Any CPU.ActiveCfg = Debug|Any CPU
		{8594328A-44F1-4AF1-823F-0CCF2FCE1B4B}.Debug|Any CPU.Build.0 = Debug|Any CPU
		{8594328A-44F1-4AF1-823F-0CCF2FCE1B4B}.Release|Any CPU.ActiveCfg = Release|Any CPU
		{8594328A-44F1-4AF1-823F-0CCF2FCE1B4B}.Release|Any CPU.Build.0 = Release|Any CPU
		{A196A537-FF65-4764-80EB-CF156FEC1140}.Debug|Any CPU.ActiveCfg = Debug|Any CPU
		{A196A537-FF65-4764-80EB-CF156FEC1140}.Debug|Any CPU.Build.0 = Debug|Any CPU
		{A196A537-FF65-4764-80EB-CF156FEC1140}.Release|Any CPU.ActiveCfg = Release|Any CPU
		{A196A537-FF65-4764-80EB-CF156FEC1140}.Release|Any CPU.Build.0 = Release|Any CPU
	EndGlobalSection
	GlobalSection(SolutionProperties) = preSolution
		HideSolutionNode = FALSE
	EndGlobalSection
	GlobalSection(ExtensibilityGlobals) = postSolution
		SolutionGuid = {EADB25EF-67B4-4393-BEC6-7AA30DF620C8}
	EndGlobalSection
EndGlobal
